
Microsoft Visual Studio Solution File, Format Version 12.00
# Visual Studio Version 17
VisualStudioVersion = 17.2.32602.215
MinimumVisualStudioVersion = 10.0.40219.1
Project("{FAE04EC0-301F-11D3-BF4B-00C04F79EFBC}") = "1_redmine-rss", "1_redmine-rss\1_redmine-rss.csproj", "{B473B0A0-77B3-41A7-B2BC-839E4C8B5CC5}"
EndProject
Global
	GlobalSection(SolutionConfigurationPlatforms) = preSolution
		Debug|Any CPU = Debug|Any CPU
		Release|Any CPU = Release|Any CPU
	EndGlobalSection
	GlobalSection(ProjectConfigurationPlatforms) = postSolution
		{B473B0A0-77B3-41A7-B2BC-839E4C8B5CC5}.Debug|Any CPU.ActiveCfg = Debug|Any CPU
		{B473B0A0-77B3-41A7-B2BC-839E4C8B5CC5}.Debug|Any CPU.Build.0 = Debug|Any CPU
		{B473B0A0-77B3-41A7-B2BC-839E4C8B5CC5}.Release|Any CPU.ActiveCfg = Release|Any CPU
		{B473B0A0-77B3-41A7-B2BC-839E4C8B5CC5}.Release|Any CPU.Build.0 = Release|Any CPU
	EndGlobalSection
	GlobalSection(SolutionProperties) = preSolution
		HideSolutionNode = FALSE
	EndGlobalSection
	GlobalSection(ExtensibilityGlobals) = postSolution
		SolutionGuid = {EABEB3F6-2FEB-4B8F-8187-A514BF625097}
	EndGlobalSection
EndGlobal
